Microsoft Visual Studio Solution File, Format Version 12.00
# Visual Studio 15
VisualStudioVersion = 15.0.28010.2026
MinimumVisualStudioVersion = 10.0.40219.1
Project("{9A19103F-16F7-4668-BE54-9A1E7A4F7556}") = "ManagedCUDA", "ManagedCUDA\ManagedCUDA.csproj", "{F5A866CC-151E-472A-8020-75F62D74D687}"
EndProject
Project("{2150E333-8FDC-42A3-9474-1A3956D46DE8}") = "Solution Items", "Solution Items", "{25D39299-A138-4C93-A750-A57AA6E1A9B1}"
	ProjectSection(SolutionItems) = preProject
		.travis.yml = .travis.yml
		global.json = global.json
		LICENSE.txt = LICENSE.txt
		ManagedCUDA.targets = ManagedCUDA.targets
		Nvidia_CUDA_Logo.jpg = Nvidia_CUDA_Logo.jpg
		nuget\pack.bat = nuget\pack.bat
		README.md = README.md
		Revision.targets = Revision.targets
		nuget\UnmanageableCuda.nuspec = nuget\UnmanageableCuda.nuspec
		nuget\UnmanageableCuda.targets = nuget\UnmanageableCuda.targets
	EndProjectSection
EndProject
Project("{9A19103F-16F7-4668-BE54-9A1E7A4F7556}") = "CudaBlas", "CudaBlas\CudaBlas.csproj", "{D7503320-E4AA-40C8-A899-75D138817185}"
EndProject
Project("{9A19103F-16F7-4668-BE54-9A1E7A4F7556}") = "CudaDNN", "CudaDNN\CudaDNN.csproj", "{48A5EF19-F9FA-467C-867D-BFF3D9058387}"
EndProject
Project("{9A19103F-16F7-4668-BE54-9A1E7A4F7556}") = "CudaFFT", "CudaFFT\CudaFFT.csproj", "{CC7D4096-AA28-4E9A-A748-2C54345B8113}"
EndProject
Project("{9A19103F-16F7-4668-BE54-9A1E7A4F7556}") = "CudaRand", "CudaRand\CudaRand.csproj", "{AF18F7D6-1461-44D7-AABF-261908BFB10F}"
EndProject
Project("{9A19103F-16F7-4668-BE54-9A1E7A4F7556}") = "CudaSolve", "CudaSolve\CudaSolve.csproj", "{4B43B6EB-4A2D-428C-A813-0C83AC942B93}"
EndProject
Project("{9A19103F-16F7-4668-BE54-9A1E7A4F7556}") = "CudaSparse", "CudaSparse\CudaSparse.csproj", "{F3C0FDEA-9342-416B-A5BC-70046C93973A}"
EndProject
Project("{FAE04EC0-301F-11D3-BF4B-00C04F79EFBC}") = "NPP", "NPP\NPP.csproj", "{BC77F366-EEC7-43FD-83DE-F487F0B1C5A3}"
EndProject
Project("{9A19103F-16F7-4668-BE54-9A1E7A4F7556}") = "NVGraph", "NVGraph\NVGraph.csproj", "{57946A00-6264-42D7-8F20-03015DEAA370}"
EndProject
Project("{9A19103F-16F7-4668-BE54-9A1E7A4F7556}") = "Nvml", "Nvml\Nvml.csproj", "{8126E78A-9AE0-41B2-A74A-A802D8D4B854}"
EndProject
Project("{9A19103F-16F7-4668-BE54-9A1E7A4F7556}") = "NVRTC", "NVRTC\NVRTC.csproj", "{96DBFF76-D93F-4C6D-AA30-A0D9B9527B9C}"
EndProject
Global
	GlobalSection(SolutionConfigurationPlatforms) = preSolution
		Debug|Any CPU = Debug|Any CPU
		Debug|x64 = Debug|x64
		Release|Any CPU = Release|Any CPU
		Release|x64 = Release|x64
	EndGlobalSection
	GlobalSection(ProjectConfigurationPlatforms) = postSolution
		{F5A866CC-151E-472A-8020-75F62D74D687}.Debug|Any CPU.ActiveCfg = Debug|Any CPU
		{F5A866CC-151E-472A-8020-75F62D74D687}.Debug|Any CPU.Build.0 = Debug|Any CPU
		{F5A866CC-151E-472A-8020-75F62D74D687}.Debug|x64.ActiveCfg = Debug|Any CPU
		{F5A866CC-151E-472A-8020-75F62D74D687}.Debug|x64.Build.0 = Debug|Any CPU
		{F5A866CC-151E-472A-8020-75F62D74D687}.Release|Any CPU.ActiveCfg = Release|Any CPU
		{F5A866CC-151E-472A-8020-75F62D74D687}.Release|Any CPU.Build.0 = Release|Any CPU
		{F5A866CC-151E-472A-8020-75F62D74D687}.Release|x64.ActiveCfg = Release|Any CPU
		{F5A866CC-151E-472A-8020-75F62D74D687}.Release|x64.Build.0 = Release|Any CPU
		{D7503320-E4AA-40C8-A899-75D138817185}.Debug|Any CPU.ActiveCfg = Debug|Any CPU
		{D7503320-E4AA-40C8-A899-75D138817185}.Debug|Any CPU.Build.0 = Debug|Any CPU
		{D7503320-E4AA-40C8-A899-75D138817185}.Debug|x64.ActiveCfg = Debug|Any CPU
		{D7503320-E4AA-40C8-A899-75D138817185}.Debug|x64.Build.0 = Debug|Any CPU
		{D7503320-E4AA-40C8-A899-75D138817185}.Release|Any CPU.ActiveCfg = Release|Any CPU
		{D7503320-E4AA-40C8-A899-75D138817185}.Release|Any CPU.Build.0 = Release|Any CPU
		{D7503320-E4AA-40C8-A899-75D138817185}.Release|x64.ActiveCfg = Release|Any CPU
		{D7503320-E4AA-40C8-A899-75D138817185}.Release|x64.Build.0 = Release|Any CPU
		{48A5EF19-F9FA-467C-867D-BFF3D9058387}.Debug|Any CPU.ActiveCfg = Debug|Any CPU
		{48A5EF19-F9FA-467C-867D-BFF3D9058387}.Debug|Any CPU.Build.0 = Debug|Any CPU
		{48A5EF19-F9FA-467C-867D-BFF3D9058387}.Debug|x64.ActiveCfg = Debug|Any CPU
		{48A5EF19-F9FA-467C-867D-BFF3D9058387}.Debug|x64.Build.0 = Debug|Any CPU
		{48A5EF19-F9FA-467C-867D-BFF3D9058387}.Release|Any CPU.ActiveCfg = Release|Any CPU
		{48A5EF19-F9FA-467C-867D-BFF3D9058387}.Release|Any CPU.Build.0 = Release|Any CPU
		{48A5EF19-F9FA-467C-867D-BFF3D9058387}.Release|x64.ActiveCfg = Release|Any CPU
		{48A5EF19-F9FA-467C-867D-BFF3D9058387}.Release|x64.Build.0 = Release|Any CPU
		{CC7D4096-AA28-4E9A-A748-2C54345B8113}.Debug|Any CPU.ActiveCfg = Debug|Any CPU
		{CC7D4096-AA28-4E9A-A748-2C54345B8113}.Debug|Any CPU.Build.0 = Debug|Any CPU
		{CC7D4096-AA28-4E9A-A748-2C54345B8113}.Debug|x64.ActiveCfg = Debug|Any CPU
		{CC7D4096-AA28-4E9A-A748-2C54345B8113}.Debug|x64.Build.0 = Debug|Any CPU
		{CC7D4096-AA28-4E9A-A748-2C54345B8113}.Release|Any CPU.ActiveCfg = Release|Any CPU
		{CC7D4096-AA28-4E9A-A748-2C54345B8113}.Release|Any CPU.Build.0 = Release|Any CPU
		{CC7D4096-AA28-4E9A-A748-2C54345B8113}.Release|x64.ActiveCfg = Release|Any CPU
		{CC7D4096-AA28-4E9A-A748-2C54345B8113}.Release|x64.Build.0 = Release|Any CPU
		{AF18F7D6-1461-44D7-AABF-261908BFB10F}.Debug|Any CPU.ActiveCfg = Debug|Any CPU
		{AF18F7D6-1461-44D7-AABF-261908BFB10F}.Debug|Any CPU.Build.0 = Debug|Any CPU
		{AF18F7D6-1461-44D7-AABF-261908BFB10F}.Debug|x64.ActiveCfg = Debug|Any CPU
		{AF18F7D6-1461-44D7-AABF-261908BFB10F}.Debug|x64.Build.0 = Debug|Any CPU
		{AF18F7D6-1461-44D7-AABF-261908BFB10F}.Release|Any CPU.ActiveCfg = Release|Any CPU
		{AF18F7D6-1461-44D7-AABF-261908BFB10F}.Release|Any CPU.Build.0 = Release|Any CPU
		{AF18F7D6-1461-44D7-AABF-261908BFB10F}.Release|x64.ActiveCfg = Release|Any CPU
		{AF18F7D6-1461-44D7-AABF-261908BFB10F}.Release|x64.Build.0 = Release|Any CPU
		{4B43B6EB-4A2D-428C-A813-0C83AC942B93}.Debug|Any CPU.ActiveCfg = Debug|Any CPU
		{4B43B6EB-4A2D-428C-A813-0C83AC942B93}.Debug|Any CPU.Build.0 = Debug|Any CPU
		{4B43B6EB-4A2D-428C-A813-0C83AC942B93}.Debug|x64.ActiveCfg = Debug|Any CPU
		{4B43B6EB-4A2D-428C-A813-0C83AC942B93}.Debug|x64.Build.0 = Debug|Any CPU
		{4B43B6EB-4A2D-428C-A813-0C83AC942B93}.Release|Any CPU.ActiveCfg = Release|Any CPU
		{4B43B6EB-4A2D-428C-A813-0C83AC942B93}.Release|Any CPU.Build.0 = Release|Any CPU
		{4B43B6EB-4A2D-428C-A813-0C83AC942B93}.Release|x64.ActiveCfg = Release|Any CPU
		{4B43B6EB-4A2D-428C-A813-0C83AC942B93}.Release|x64.Build.0 = Release|Any CPU
		{F3C0FDEA-9342-416B-A5BC-70046C93973A}.Debug|Any CPU.ActiveCfg = Debug|Any CPU
		{F3C0FDEA-9342-416B-A5BC-70046C93973A}.Debug|Any CPU.Build.0 = Debug|Any CPU
		{F3C0FDEA-9342-416B-A5BC-70046C93973A}.Debug|x64.ActiveCfg = Debug|Any CPU
		{F3C0FDEA-9342-416B-A5BC-70046C93973A}.Debug|x64.Build.0 = Debug|Any CPU
		{F3C0FDEA-9342-416B-A5BC-70046C93973A}.Release|Any CPU.ActiveCfg = Release|Any CPU
		{F3C0FDEA-9342-416B-A5BC-70046C93973A}.Release|Any CPU.Build.0 = Release|Any CPU
		{F3C0FDEA-9342-416B-A5BC-70046C93973A}.Release|x64.ActiveCfg = Release|Any CPU
		{F3C0FDEA-9342-416B-A5BC-70046C93973A}.Release|x64.Build.0 = Release|Any CPU
		{BC77F366-EEC7-43FD-83DE-F487F0B1C5A3}.Debug|Any CPU.ActiveCfg = Debug|Any CPU
		{BC77F366-EEC7-43FD-83DE-F487F0B1C5A3}.Debug|Any CPU.Build.0 = Debug|Any CPU
		{BC77F366-EEC7-43FD-83DE-F487F0B1C5A3}.Debug|x64.ActiveCfg = Debug|Any CPU
		{BC77F366-EEC7-43FD-83DE-F487F0B1C5A3}.Debug|x64.Build.0 = Debug|Any CPU
		{BC77F366-EEC7-43FD-83DE-F487F0B1C5A3}.Release|Any CPU.ActiveCfg = Release|Any CPU
		{BC77F366-EEC7-43FD-83DE-F487F0B1C5A3}.Release|Any CPU.Build.0 = Release|Any CPU
		{BC77F366-EEC7-43FD-83DE-F487F0B1C5A3}.Release|x64.ActiveCfg = Release|Any CPU
		{BC77F366-EEC7-43FD-83DE-F487F0B1C5A3}.Release|x64.Build.0 = Release|Any CPU
		{57946A00-6264-42D7-8F20-03015DEAA370}.Debug|Any CPU.ActiveCfg = Debug|Any CPU
		{57946A00-6264-42D7-8F20-03015DEAA370}.Debug|Any CPU.Build.0 = Debug|Any CPU
		{57946A00-6264-42D7-8F20-03015DEAA370}.Debug|x64.ActiveCfg = Debug|Any CPU
		{57946A00-6264-42D7-8F20-03015DEAA370}.Debug|x64.Build.0 = Debug|Any CPU
		{57946A00-6264-42D7-8F20-03015DEAA370}.Release|Any CPU.ActiveCfg = Release|Any CPU
		{57946A00-6264-42D7-8F20-03015DEAA370}.Release|Any CPU.Build.0 = Release|Any CPU
		{57946A00-6264-42D7-8F20-03015DEAA370}.Release|x64.ActiveCfg = Release|Any CPU
		{57946A00-6264-42D7-8F20-03015DEAA370}.Release|x64.Build.0 = Release|Any CPU
		{8126E78A-9AE0-41B2-A74A-A802D8D4B854}.Debug|Any CPU.ActiveCfg = Debug|Any CPU
		{8126E78A-9AE0-41B2-A74A-A802D8D4B854}.Debug|Any CPU.Build.0 = Debug|Any CPU
		{8126E78A-9AE0-41B2-A74A-A802D8D4B854}.Debug|x64.ActiveCfg = Debug|Any CPU
		{8126E78A-9AE0-41B2-A74A-A802D8D4B854}.Debug|x64.Build.0 = Debug|Any CPU
		{8126E78A-9AE0-41B2-A74A-A802D8D4B854}.Release|Any CPU.ActiveCfg = Release|Any CPU
		{8126E78A-9AE0-41B2-A74A-A802D8D4B854}.Release|Any CPU.Build.0 = Release|Any CPU
		{8126E78A-9AE0-41B2-A74A-A802D8D4B854}.Release|x64.ActiveCfg = Release|Any CPU
		{8126E78A-9AE0-41B2-A74A-A802D8D4B854}.Release|x64.Build.0 = Release|Any CPU
		{96DBFF76-D93F-4C6D-AA30-A0D9B9527B9C}.Debug|Any CPU.ActiveCfg = Debug|Any CPU
		{96DBFF76-D93F-4C6D-AA30-A0D9B9527B9C}.Debug|Any CPU.Build.0 = Debug|Any CPU
		{96DBFF76-D93F-4C6D-AA30-A0D9B9527B9C}.Debug|x64.ActiveCfg = Debug|Any CPU
		{96DBFF76-D93F-4C6D-AA30-A0D9B9527B9C}.Debug|x64.Build.0 = Debug|Any CPU
		{96DBFF76-D93F-4C6D-AA30-A0D9B9527B9C}.Release|Any CPU.ActiveCfg = Release|Any CPU
		{96DBFF76-D93F-4C6D-AA30-A0D9B9527B9C}.Release|Any CPU.Build.0 = Release|Any CPU
		{96DBFF76-D93F-4C6D-AA30-A0D9B9527B9C}.Release|x64.ActiveCfg = Release|Any CPU
		{96DBFF76-D93F-4C6D-AA30-A0D9B9527B9C}.Release|x64.Build.0 = Release|Any CPU
	EndGlobalSection
	GlobalSection(SolutionProperties) = preSolution
		HideSolutionNode = FALSE
	EndGlobalSection
	GlobalSection(ExtensibilityGlobals) = postSolution
		SolutionGuid = {41A30054-DDDE-48B4-919E-1C3DEEE5055B}
	EndGlobalSection
EndGlobal
